%{
  "bypass": {:hex, :bypass, "2.1.0", "909782781bf8e20ee86a9cabde36b259d44af8b9f38756173e8f5e2e1fabb9b1", [:mix], [{:plug, "~> 1.7", [hex: :plug, repo: "hexpm", optional: false]}, {:plug_cowboy, "~> 2.0", [hex: :plug_cowboy, repo: "hexpm", optional: false]}, {:ranch, "~> 1.3", [hex: :ranch, repo: "hexpm", optional: false]}], "hexpm", "d9b5df8fa5b7a6efa08384e9bbecfe4ce61c77d28a4282f79e02f1ef78d96b80"},
  "castore": {:hex, :castore, "0.1.11", "c0665858e0e1c3e8c27178e73dffea699a5b28eb72239a3b2642d208e8594914", [:mix], [], "hexpm", "91b009ba61973b532b84f7c09ce441cba7aa15cb8b006cf06c6f4bba18220081"},
  "cowboy": {:hex, :cowboy, "2.14.2", "4008be1df6ade45e4f2a4e9e2d22b36d0b5aba4e20b0a0d7049e28d124e34847", [:make, :rebar3], [{:cowlib, ">= 2.16.0 and < 3.0.0", [hex: :cowlib, repo: "hexpm", optional: false]}, {:ranch, ">= 1.8.0 and < 3.0.0", [hex: :ranch, repo: "hexpm", optional: false]}], "hexpm", "569081da046e7b41b5df36aa359be71a0c8874e5b9cff6f747073fc57baf1ab9"},
  "cowboy_telemetry": {:hex, :cowboy_telemetry, "0.4.0", "f239f68b588efa7707abce16a84d0d2acf3a0f50571f8bb7f56a15865aae820c", [:rebar3], [{:cowboy, "~> 2.7", [hex: :cowboy, repo: "hexpm", optional: false]}, {:telemetry, "~> 1.0", [hex: :telemetry, repo: "hexpm", optional: false]}], "hexpm", "7d98bac1ee4565d31b62d59f8823dfd8356a169e7fcbb83831b8a5397404c9de"},
  "cowlib": {:hex, :cowlib, "2.16.0", "54592074ebbbb92ee4746c8a8846e5605052f29309d3a873468d76cdf932076f", [:make, :rebar3], [], "hexpm", "7f478d80d66b747344f0ea7708c187645cfcc08b11aa424632f78e25bf05db51"},
  "earmark_parser": {:hex, :earmark_parser, "1.4.15", "b29e8e729f4aa4a00436580dcc2c9c5c51890613457c193cc8525c388ccb2f06", [:mix], [], "hexpm", "044523d6438ea19c1b8ec877ec221b008661d3c27e3b848f4c879f500421ca5c"},
  "ex_doc": {:hex, :ex_doc, "0.25.1", "4b736fa38dc76488a937e5ef2944f5474f3eff921de771b25371345a8dc810bc", [:mix], [{:earmark_parser, "~> 1.4.0", [hex: :earmark_parser, repo: "hexpm", optional: false]}, {:makeup_elixir, "~> 0.14", [hex: :makeup_elixir, repo: "hexpm", optional: false]}, {:makeup_erlang, "~> 0.1", [hex: :makeup_erlang, repo: "hexpm", optional: false]}], "hexpm", "3200b0a69ddb2028365281fbef3753ea9e728683863d8cdaa96580925c891f67"},
  "finch": {:hex, :finch, "0.17.0", "17d06e1d44d891d20dbd437335eebe844e2426a0cd7e3a3e220b461127c73f70", [:mix], [{:castore, "~> 0.1 or ~> 1.0", [hex: :castore, repo: "hexpm", optional: false]}, {:mime, "~> 1.0 or ~> 2.0", [hex: :mime, repo: "hexpm", optional: false]}, {:mint, "~> 1.3", [hex: :mint, repo: "hexpm", optional: false]}, {:nimble_options, "~> 0.4 or ~> 1.0", [hex: :nimble_options, repo: "hexpm", optional: false]}, {:nimble_pool, "~> 0.2.6 or ~> 1.0", [hex: :nimble_pool, repo: "hexpm", optional: false]}, {:telemetry, "~> 0.4 or ~> 1.0", [hex: :telemetry, repo: "hexpm", optional: false]}], "hexpm", "8d014a661bb6a437263d4b5abf0bcbd3cf0deb26b1e8596f2a271d22e48934c7"},
  "floki": {:hex, :floki, "0.31.0", "f05ee8a8e6a3ced4e62beeb2c79a63bc8e12ab98fbaaf6e6a3d9b76b1278e23f", [:mix], [{:html_entities, "~> 0.5.0", [hex: :html_entities, repo: "hexpm", optional: false]}], "hexpm", "b05afa372f5c345a5bf240ac25ea1f0f3d5fcfd7490ac0beeb4a203f9444891e"},
  "html_entities": {:hex, :html_entities, "0.5.2", "9e47e70598da7de2a9ff6af8758399251db6dbb7eebe2b013f2bbd2515895c3c", [:mix], [], "hexpm", "c53ba390403485615623b9531e97696f076ed415e8d8058b1dbaa28181f4fdcc"},
  "jason": {:hex, :jason, "1.2.2", "ba43e3f2709fd1aa1dce90aaabfd039d000469c05c56f0b8e31978e03fa39052", [:mix], [{:decimal, "~> 1.0 or ~> 2.0", [hex: :decimal, repo: "hexpm", optional: true]}], "hexpm", "18a228f5f0058ee183f29f9eae0805c6e59d61c3b006760668d8d18ff0d12179"},
  "makeup": {:hex, :makeup, "1.0.5", "d5a830bc42c9800ce07dd97fa94669dfb93d3bf5fcf6ea7a0c67b2e0e4a7f26c", [:mix], [{:nimble_parsec, "~> 0.5 or ~> 1.0", [hex: :nimble_parsec, repo: "hexpm", optional: false]}], "hexpm", "cfa158c02d3f5c0c665d0af11512fed3fba0144cf1aadee0f2ce17747fba2ca9"},
  "makeup_elixir": {:hex, :makeup_elixir, "0.15.1", "b5888c880d17d1cc3e598f05cdb5b5a91b7b17ac4eaf5f297cb697663a1094dd", [:mix], [{:makeup, "~> 1.0", [hex: :makeup, repo: "hexpm", optional: false]}, {:nimble_parsec, "~> 1.1", [hex: :nimble_parsec, repo: "hexpm", optional: false]}], "hexpm", "db68c173234b07ab2a07f645a5acdc117b9f99d69ebf521821d89690ae6c6ec8"},
  "makeup_erlang": {:hex, :makeup_erlang, "0.1.1", "3fcb7f09eb9d98dc4d208f49cc955a34218fc41ff6b84df7c75b3e6e533cc65f", [:mix], [{:makeup, "~> 1.0", [hex: :makeup, repo: "hexpm", optional: false]}], "hexpm", "174d0809e98a4ef0b3309256cbf97101c6ec01c4ab0b23e926a9e17df2077cbb"},
  "mime": {:hex, :mime, "1.6.0", "dabde576a497cef4bbdd60aceee8160e02a6c89250d6c0b29e56c0dfb00db3d2", [:mix], [], "hexpm", "31a1a8613f8321143dde1dafc36006a17d28d02bdfecb9e95a880fa7aabd19a7"},
  "mint": {:hex, :mint, "1.3.0", "396b3301102f7b775e103da5a20494b25753aed818d6d6f0ad222a3a018c3600", [:mix], [{:castore, "~> 0.1.0", [hex: :castore, repo: "hexpm", optional: true]}], "hexpm", "a9aac960562e43ca69a77e5176576abfa78b8398cec5543dd4fb4ab0131d5c1e"},
  "nimble_options": {:hex, :nimble_options, "1.1.1", "e3a492d54d85fc3fd7c5baf411d9d2852922f66e69476317787a7b2bb000a61b", [:mix], [], "hexpm", "821b2470ca9442c4b6984882fe9bb0389371b8ddec4d45a9504f00a66f650b44"},
  "nimble_ownership": {:hex, :nimble_ownership, "0.2.1", "3e44c72ebe8dd213db4e13aff4090aaa331d158e72ce1891d02e0ffb05a1eb2d", [:mix], [], "hexpm", "bf38d2ef4fb990521a4ecf112843063c1f58a5c602484af4c7977324042badee"},
  "nimble_parsec": {:hex, :nimble_parsec, "1.1.0", "3a6fca1550363552e54c216debb6a9e95bd8d32348938e13de5eda962c0d7f89", [:mix], [], "hexpm", "08eb32d66b706e913ff748f11694b17981c0b04a33ef470e33e11b3d3ac8f54b"},
  "nimble_pool": {:hex, :nimble_pool, "1.1.0", "bf9c29fbdcba3564a8b800d1eeb5a3c58f36e1e11d7b7fb2e084a643f645f06b", [:mix], [], "hexpm", "af2e4e6b34197db81f7aad230c1118eac993acc0dae6bc83bac0126d4ae0813a"},
  "plug": {:hex, :plug, "1.19.1", "09bac17ae7a001a68ae393658aa23c7e38782be5c5c00c80be82901262c394c0", [:mix], [{:mime, "~> 1.0 or ~> 2.0", [hex: :mime, repo: "hexpm", optional: false]}, {:plug_crypto, "~> 1.1.1 or ~> 1.2 or ~> 2.0", [hex: :plug_crypto, repo: "hexpm", optional: false]}, {:telemetry, "~> 0.4.3 or ~> 1.0", [hex: :telemetry, repo: "hexpm", optional: false]}], "hexpm", "560a0017a8f6d5d30146916862aaf9300b7280063651dd7e532b8be168511e62"},
  "plug_cowboy": {:hex, :plug_cowboy, "2.8.0", "07789e9c03539ee51bb14a07839cc95aa96999fd8846ebfd28c97f0b50c7b612", [:mix], [{:cowboy, "~> 2.7", [hex: :cowboy, repo: "hexpm", optional: false]}, {:cowboy_telemetry, "~> 0.3", [hex: :cowboy_telemetry, repo: "hexpm", optional: false]}, {:plug, "~> 1.14", [hex: :plug, repo: "hexpm", optional: false]}], "hexpm", "9cbfaaf17463334ca31aed38ea7e08a68ee37cabc077b1e9be6d2fb68e0171d0"},
  "plug_crypto": {:hex, :plug_crypto, "2.1.1", "19bda8184399cb24afa10be734f84a16ea0a2bc65054e23a62bb10f06bc89491", [:mix], [], "hexpm", "6470bce6ffe41c8bd497612ffde1a7e4af67f36a15eea5f921af71cf3e11247c"},
  "ranch": {:hex, :ranch, "1.8.1", "208169e65292ac5d333d6cdbad49388c1ae198136e4697ae2f474697140f201c", [:make, :rebar3], [], "hexpm", "aed58910f4e21deea992a67bf51632b6d60114895eb03bb392bb733064594dd0"},
  "req": {:hex, :req, "0.4.9", "d079876e952f28b60fb0f595ae6492d1bc5b727b376746776014d541b9b56187", [:mix], [{:aws_signature, "~> 0.3.0", [hex: :aws_signature, repo: "hexpm", optional: true]}, {:brotli, "~> 0.3.1", [hex: :brotli, repo: "hexpm", optional: true]}, {:ezstd, "~> 1.0", [hex: :ezstd, repo: "hexpm", optional: true]}, {:finch, "~> 0.17.0", [hex: :finch, repo: "hexpm", optional: false]}, {:jason, "~> 1.0", [hex: :jason, repo: "hexpm", optional: false]}, {:mime, "~> 1.6 or ~> 2.0", [hex: :mime, repo: "hexpm", optional: false]}, {:nimble_csv, "~> 1.0", [hex: :nimble_csv, repo: "hexpm", optional: true]}, {:nimble_ownership, "~> 0.2.0", [hex: :nimble_ownership, repo: "hexpm", optional: false]}, {:plug, "~> 1.0", [hex: :plug, repo: "hexpm", optional: true]}], "hexpm", "c8c2bff52a336586b63ee9f047078637e2e91073bf948e312f84caade28b521b"},
  "restlax": {:hex, :restlax, "1.0.0", "898d23f5dde5eb30ab2d9a207ccad330de50bf105f06d5fdb169f0d9bba8ebbd", [:mix], [{:req, ">= 0.4.0 and < 0.4.10", [hex: :req, repo: "hexpm", optional: false]}], "hexpm", "6e3a135490638db50c64a331c01ec76efecc8bbf6e669703be12c54be5abc21f"},
  "telemetry": {:hex, :telemetry, "1.3.0", "fedebbae410d715cf8e7062c96a1ef32ec22e764197f70cda73d82778d61e7a2", [:rebar3], [], "hexpm", "7015fc8919dbe63764f4b4b87a95b7c0996bd539e0d499be6ec9d7f3875b79e6"},
}
